
Microsoft Visual Studio Solution File, Format Version 12.00
# Visual Studio 15
VisualStudioVersion = 15.0.27128.1
MinimumVisualStudioVersion = 10.0.40219.1
Project("{FAE04EC0-301F-11D3-BF4B-00C04F79EFBC}") = "RazorDefs", "RazorDefs\RazorDefs.csproj", "{5CF9C4F8-DDB4-4488-AE29-8C26C319FD63}"
EndProject
Project("{FAE04EC0-301F-11D3-BF4B-00C04F79EFBC}") = "ExternalTypes", "ExternalTypes\ExternalTypes.csproj", "{B80D6DD4-0D55-464D-9EB5-9EA0BCCEE53F}"
EndProject
Global
	GlobalSection(SolutionConfigurationPlatforms) = preSolution
		Debug|Any CPU = Debug|Any CPU
		Release|Any CPU = Release|Any CPU
	EndGlobalSection
	GlobalSection(ProjectConfigurationPlatforms) = postSolution
		{5CF9C4F8-DDB4-4488-AE29-8C26C319FD63}.Debug|Any CPU.ActiveCfg = Debug|Any CPU
		{5CF9C4F8-DDB4-4488-AE29-8C26C319FD63}.Debug|Any CPU.Build.0 = Debug|Any CPU
		{5CF9C4F8-DDB4-4488-AE29-8C26C319FD63}.Release|Any CPU.ActiveCfg = Release|Any CPU
		{5CF9C4F8-DDB4-4488-AE29-8C26C319FD63}.Release|Any CPU.Build.0 = Release|Any CPU
		{B80D6DD4-0D55-464D-9EB5-9EA0BCCEE53F}.Debug|Any CPU.ActiveCfg = Debug|Any CPU
		{B80D6DD4-0D55-464D-9EB5-9EA0BCCEE53F}.Debug|Any CPU.Build.0 = Debug|Any CPU
		{B80D6DD4-0D55-464D-9EB5-9EA0BCCEE53F}.Release|Any CPU.ActiveCfg = Release|Any CPU
		{B80D6DD4-0D55-464D-9EB5-9EA0BCCEE53F}.Release|Any CPU.Build.0 = Release|Any CPU
	EndGlobalSection
	GlobalSection(SolutionProperties) = preSolution
		HideSolutionNode = FALSE
	EndGlobalSection
	GlobalSection(ExtensibilityGlobals) = postSolution
		SolutionGuid = {FB643063-D2DD-4F91-9743-876B7EFE498F}
	EndGlobalSection
EndGlobal
